
Microsoft Visual Studio Solution File, Format Version 12.00
# Visual Studio Version 16
VisualStudioVersion = 16.0.31112.23
MinimumVisualStudioVersion = 10.0.40219.1
Project("{9A19103F-16F7-4668-BE54-9A1E7A4F7556}") = "ElamanaTakaful", "ElamanaTakaful\ElamanaTakaful.csproj", "{4BFAFB12-7795-45E4-A51B-7526DE00B14D}"
EndProject
Project("{9A19103F-16F7-4668-BE54-9A1E7A4F7556}") = "ElamanaTakaful.Infrastructure", "ElamanaTakaful.Infrastructure\ElamanaTakaful.Infrastructure.csproj", "{6B924B80-ADCB-4BB5-92F5-86DCD39D289C}"
EndProject
Project("{9A19103F-16F7-4668-BE54-9A1E7A4F7556}") = "ElamanaTakaful.Application", "ElamanaTakaful.Application\ElamanaTakaful.Application.csproj", "{777E683B-7EA3-4375-8751-B51A42C3F071}"
EndProject
Project("{9A19103F-16F7-4668-BE54-9A1E7A4F7556}") = "ElamanaTakaful.Domain", "ElamanaTakaful.Domain\ElamanaTakaful.Domain.csproj", "{533892E0-E0D5-4967-A0F9-7C1651C92F91}"
EndProject
Global
	GlobalSection(SolutionConfigurationPlatforms) = preSolution
		Debug|Any CPU = Debug|Any CPU
		Release|Any CPU = Release|Any CPU
	EndGlobalSection
	GlobalSection(ProjectConfigurationPlatforms) = postSolution
		{4BFAFB12-7795-45E4-A51B-7526DE00B14D}.Debug|Any CPU.ActiveCfg = Debug|Any CPU
		{4BFAFB12-7795-45E4-A51B-7526DE00B14D}.Debug|Any CPU.Build.0 = Debug|Any CPU
		{4BFAFB12-7795-45E4-A51B-7526DE00B14D}.Release|Any CPU.ActiveCfg = Release|Any CPU
		{4BFAFB12-7795-45E4-A51B-7526DE00B14D}.Release|Any CPU.Build.0 = Release|Any CPU
		{6B924B80-ADCB-4BB5-92F5-86DCD39D289C}.Debug|Any CPU.ActiveCfg = Debug|Any CPU
		{6B924B80-ADCB-4BB5-92F5-86DCD39D289C}.Debug|Any CPU.Build.0 = Debug|Any CPU
		{6B924B80-ADCB-4BB5-92F5-86DCD39D289C}.Release|Any CPU.ActiveCfg = Release|Any CPU
		{6B924B80-ADCB-4BB5-92F5-86DCD39D289C}.Release|Any CPU.Build.0 = Release|Any CPU
		{777E683B-7EA3-4375-8751-B51A42C3F071}.Debug|Any CPU.ActiveCfg = Debug|Any CPU
		{777E683B-7EA3-4375-8751-B51A42C3F071}.Debug|Any CPU.Build.0 = Debug|Any CPU
		{777E683B-7EA3-4375-8751-B51A42C3F071}.Release|Any CPU.ActiveCfg = Release|Any CPU
		{777E683B-7EA3-4375-8751-B51A42C3F071}.Release|Any CPU.Build.0 = Release|Any CPU
		{533892E0-E0D5-4967-A0F9-7C1651C92F91}.Debug|Any CPU.ActiveCfg = Debug|Any CPU
		{533892E0-E0D5-4967-A0F9-7C1651C92F91}.Debug|Any CPU.Build.0 = Debug|Any CPU
		{533892E0-E0D5-4967-A0F9-7C1651C92F91}.Release|Any CPU.ActiveCfg = Release|Any CPU
		{533892E0-E0D5-4967-A0F9-7C1651C92F91}.Release|Any CPU.Build.0 = Release|Any CPU
	EndGlobalSection
	GlobalSection(SolutionProperties) = preSolution
		HideSolutionNode = FALSE
	EndGlobalSection
	GlobalSection(ExtensibilityGlobals) = postSolution
		SolutionGuid = {FFDC478F-8943-4C28-9223-BA5AE384E718}
	EndGlobalSection
EndGlobal
